{
  "name": "zephjs-router",
  "version": "1.1.0",
  "lockfileVersion": 1,
  "requires": true,
  "dependencies": {
    "@awesomeeng/awesome-cli": {
      "version": "1.0.3",
      "resolved": "https://registry.npmjs.org/@awesomeeng/awesome-cli/-/awesome-cli-1.0.3.tgz",
      "integrity": "sha512-rUp/7QAD30PRxz/8dwd29q8FauGtGme/UrvwNn0id1cMh3uII82a6F8UAqINhIASYOacNR8/5nhdT2c90RhqGg==",
      "dev": true,
      "requires": {
        "@awesomeeng/awesome-utils": "^1.4.7"
      }
    },
    "@awesomeeng/awesome-log": {
      "version": "3.0.2",
      "resolved": "https://registry.npmjs.org/@awesomeeng/awesome-log/-/awesome-log-3.0.2.tgz",
      "integrity": "sha512-77wJj1qYYlu9PQNm1rREhs40QGdtm0oLEbbwnKdmuSV4gQttenPWBH7CkMblMqpEb4d5QMJaNUhcXLTLPNjO2A==",
      "dev": true,
      "requires": {
        "@awesomeeng/awesome-utils": "^1.4.7"
      }
    },
    "@awesomeeng/awesome-server": {
      "version": "1.3.1",
      "resolved": "https://registry.npmjs.org/@awesomeeng/awesome-server/-/awesome-server-1.3.1.tgz",
      "integrity": "sha512-IdCUPWC4rgjLt7JuoKy2p1NPshjmYqsNn1XoU6BRsltSwCbzObzqGJome0OP8x9kgw7egYBe0yRWTuPYTfRx9g==",
      "dev": true,
      "requires": {
        "@awesomeeng/awesome-utils": "^1.4.7"
      }
    },
    "@awesomeeng/awesome-utils": {
      "version": "1.4.7",
      "resolved": "https://registry.npmjs.org/@awesomeeng/awesome-utils/-/awesome-utils-1.4.7.tgz",
      "integrity": "sha512-qd9kSCnUe0mNAU0jIEgPEBhpTLiq0f2fj6Bcb2FOR32dm7ZanoGxakNQxHQ51uLMWvqKnLQcPer+p0BOWQb4FA==",
      "dev": true
    },
    "@types/estree": {
      "version": "0.0.39",
      "resolved": "https://registry.npmjs.org/@types/estree/-/estree-0.0.39.tgz",
      "integrity": "sha512-EYNwp3bU+98cpU4lAWYYL7Zz+2gryWH1qbdDTidVd6hkiR6weksdbMadyXKXNPEkQFhXM+hVO9ZygomHXp+AIw==",
      "dev": true
    },
    "@types/node": {
      "version": "11.10.5",
      "resolved": "https://registry.npmjs.org/@types/node/-/node-11.10.5.tgz",
      "integrity": "sha512-DuIRlQbX4K+d5I+GMnv+UfnGh+ist0RdlvOp+JZ7ePJ6KQONCFQv/gKYSU1ZzbVdFSUCKZOltjmpFAGGv5MdYA==",
      "dev": true
    },
    "acorn": {
      "version": "6.1.0",
      "resolved": "https://registry.npmjs.org/acorn/-/acorn-6.1.0.tgz",
      "integrity": "sha512-MW/FjM+IvU9CgBzjO3UIPCE2pyEwUsoFl+VGdczOPEdxfGFjuKny/gN54mOuX7Qxmb9Rg9MCn2oKiSUeW+pjrw==",
      "dev": true
    },
    "rollup": {
      "version": "1.2.2",
      "resolved": "https://registry.npmjs.org/rollup/-/rollup-1.2.2.tgz",
      "integrity": "sha512-fsn5KJcfSuejjrv8GV7kZNciElqxyzZdUq8rA3e528JsR3ccxrWwoptyUY8GGLlgMFAQMB3dZW8nWF2I1/xrZA==",
      "dev": true,
      "requires": {
        "@types/estree": "0.0.39",
        "@types/node": "*",
        "acorn": "^6.1.0"
      }
    },
    "zephjs": {
      "version": "0.4.2",
      "resolved": "https://registry.npmjs.org/zephjs/-/zephjs-0.4.2.tgz",
      "integrity": "sha512-nrwDkpg/MZIqL29e0l0A7iYa8kLHJGjyDJ59qV5FYwuv8nJTvEjWvmJbTrMt2V1KcsLgWnhQuvoWo3wt80jhAQ==",
      "dev": true,
      "requires": {
        "@awesomeeng/awesome-cli": "1.0.3",
        "@awesomeeng/awesome-log": "3.0.2",
        "@awesomeeng/awesome-server": "1.3.1",
        "@awesomeeng/awesome-utils": "1.4.7",
        "acorn": "6.1.0",
        "rollup": "1.2.2"
      }
    }
  }
}
