{
  "name": "zephjs-router",
  "version": "1.1.0",
  "lockfileVersion": 1,
  "requires": true,
  "dependencies": {
    "@awesomeeng/awesome-cli": {
      "version": "1.0.3",
      "resolved": "https://registry.npmjs.org/@awesomeeng/awesome-cli/-/awesome-cli-1.0.3.tgz",
      "integrity": "sha512-rUp/7QAD30PRxz/8dwd29q8FauGtGme/UrvwNn0id1cMh3uII82a6F8UAqINhIASYOacNR8/5nhdT2c90RhqGg==",
      "dev": true,
      "requires": {
        "@awesomeeng/awesome-utils": "^1.4.7"
      }
    },
    "@awesomeeng/awesome-log": {
      "version": "3.0.2",
      "resolved": "https://registry.npmjs.org/@awesomeeng/awesome-log/-/awesome-log-3.0.2.tgz",
      "integrity": "sha512-77wJj1qYYlu9PQNm1rREhs40QGdtm0oLEbbwnKdmuSV4gQttenPWBH7CkMblMqpEb4d5QMJaNUhcXLTLPNjO2A==",
      "dev": true,
      "requires": {
        "@awesomeeng/awesome-utils": "^1.4.7"
      }
    },
    "@awesomeeng/awesome-server": {
      "version": "1.3.1",
      "resolved": "https://registry.npmjs.org/@awesomeeng/awesome-server/-/awesome-server-1.3.1.tgz",
      "integrity": "sha512-IdCUPWC4rgjLt7JuoKy2p1NPshjmYqsNn1XoU6BRsltSwCbzObzqGJome0OP8x9kgw7egYBe0yRWTuPYTfRx9g==",
      "dev": true,
      "requires": {
        "@awesomeeng/awesome-utils": "^1.4.7"
      }
    },
    "@awesomeeng/awesome-utils": {
      "version": "1.4.7",
      "resolved": "https://registry.npmjs.org/@awesomeeng/awesome-utils/-/awesome-utils-1.4.7.tgz",
      "integrity": "sha512-qd9kSCnUe0mNAU0jIEgPEBhpTLiq0f2fj6Bcb2FOR32dm7ZanoGxakNQxHQ51uLMWvqKnLQcPer+p0BOWQb4FA==",
      "dev": true
    },
    "zephjs": {
      "version": "0.4.0",
      "resolved": "https://registry.npmjs.org/zephjs/-/zephjs-0.4.0.tgz",
      "integrity": "sha512-I4MjgSIZNhlwxwwhrJ1AaKfB61tETQ69RGo1799eafz1mNBsq366qU50b911bMPRJY1ZHgi2Vn9DoqNi1S270A==",
      "dev": true,
      "requires": {
        "@awesomeeng/awesome-cli": "1.0.3",
        "@awesomeeng/awesome-log": "3.0.2",
        "@awesomeeng/awesome-server": "1.3.1",
        "@awesomeeng/awesome-utils": "1.4.7"
      }
    }
  }
}
